{
    "_meta": {
        "hash": {
            "sha256": "d8ae8cf53c871bb8f5eceedfb05467c90a180b41843df0265ae94f4b06f1f222"
        },
        "pipfile-spec": 6,
        "requires": {
            "python_version": "3.7"
        },
        "sources": [
            {
                "name": "pypi",
                "url": "https://pypi.org/simple",
                "verify_ssl": true
            }
        ]
    },
    "default": {
        "backtrader": {
            "hashes": [
                "sha256:a373ca2ba14cc86cd8211efa0aa58a73a470664c55e34d72744d29fa2b3db873"
            ],
            "index": "pypi",
            "version": "==1.9.74.123"
        },
        "ibapi": {
            "hashes": [
                "sha256:41b48353718238d56ce0d8172d59de341ea6c14172b8c565a5f20e0e0204ae52"
            ],
            "path": "./lib/ib/ibapi-9.79.1-py3-none-any.whl",
            "version": "==9.79.1"
        }
    },
    "develop": {}
}
