{
    "_meta": {
        "hash": {
            "sha256": "a57b5cb379f15e4d8e29f4deb32e3795649cc1a5c6d06f65dcc70625ee6429c5"
        },
        "pipfile-spec": 6,
        "requires": {
            "python_version": "3.7"
        },
        "sources": [
            {
                "name": "pypi",
                "url": "https://pypi.org/simple",
                "verify_ssl": true
            }
        ]
    },
    "default": {
        "backtrader": {
            "hashes": [
                "sha256:a373ca2ba14cc86cd8211efa0aa58a73a470664c55e34d72744d29fa2b3db873"
            ],
            "index": "pypi",
            "version": "==1.9.74.123"
        },
        "ibapi": {
            "hashes": [
                "sha256:41b48353718238d56ce0d8172d59de341ea6c14172b8c565a5f20e0e0204ae52"
            ],
            "path": "./lib/ib/ibapi-9.79.1-py3-none-any.whl",
            "version": "==9.79.1"
        }
    },
    "develop": {
        "rope": {
            "hashes": [
                "sha256:52423a7eebb5306a6d63bdc91a7c657db51ac9babfb8341c9a1440831ecf3203",
                "sha256:ae1fa2fd56f64f4cc9be46493ce54bed0dd12dee03980c61a4393d89d84029ad",
                "sha256:d2830142c2e046f5fc26a022fe680675b6f48f81c7fc1f03a950706e746e9dfe"
            ],
            "index": "pypi",
            "version": "==0.16.0"
        }
    }
}
